// !$*UTF8*$!
{
	archiveVersion = 1;
	classes = {
	};
	objectVersion = 55;
	objects = {

/* Begin PBXBuildFile section */
		E6438E0B280E8581003C1320 /* main.cpp in Sources */ = {isa = PBXBuildFile; fileRef = E6438E0A280E8581003C1320 /* main.cpp */; };
		E6C75B112820F67B00B7F125 /* Bitmap.cpp in Sources */ = {isa = PBXBuildFile; fileRef = E6C75B0F2820F67A00B7F125 /* Bitmap.cpp */; };
		E6C75B142828D9F200B7F125 /* Mandelbrot.cpp in Sources */ = {isa = PBXBuildFile; fileRef = E6C75B122828D9F200B7F125 /* Mandelbrot.cpp */; };
		E6C75B1A282C825E00B7F125 /* ZoomList.cpp in Sources */ = {isa = PBXBuildFile; fileRef = E6C75B18282C825E00B7F125 /* ZoomList.cpp */; };
		E6C75B1D282D808C00B7F125 /* FractalCreator.cpp in Sources */ = {isa = PBXBuildFile; fileRef = E6C75B1B282D808C00B7F125 /* FractalCreator.cpp */; };
		E6C75B20282D91AE00B7F125 /* RGB.cpp in Sources */ = {isa = PBXBuildFile; fileRef = E6C75B1E282D91AE00B7F125 /* RGB.cpp */; };
/* End PBXBuildFile section */

/* Begin PBXCopyFilesBuildPhase section */
		E6438E05280E8581003C1320 /* CopyFiles */ = {
			isa = PBXCopyFilesBuildPhase;
			buildActionMask = 2147483647;
			dstPath = /usr/share/man/man1/;
			dstSubfolderSpec = 0;
			files = (
			);
			runOnlyForDeploymentPostprocessing = 1;
		};
/* End PBXCopyFilesBuildPhase section */

/* Begin PBXFileReference section */
		E6438E07280E8581003C1320 /* Fractals */ = {isa = PBXFileReference; explicitFileType = "compiled.mach-o.executable"; includeInIndex = 0; path = Fractals; sourceTree = BUILT_PRODUCTS_DIR; };
		E6438E0A280E8581003C1320 /* main.cpp */ = {isa = PBXFileReference; lastKnownFileType = sourcecode.cpp.cpp; path = main.cpp; sourceTree = "<group>"; };
		E6C75B0D281E4A6300B7F125 /* BitmapFileHeader.h */ = {isa = PBXFileReference; lastKnownFileType = sourcecode.c.h; path = BitmapFileHeader.h; sourceTree = "<group>"; };
		E6C75B0E281E514500B7F125 /* BitmapInfoHeader.h */ = {isa = PBXFileReference; lastKnownFileType = sourcecode.c.h; path = BitmapInfoHeader.h; sourceTree = "<group>"; };
		E6C75B0F2820F67A00B7F125 /* Bitmap.cpp */ = {isa = PBXFileReference; lastKnownFileType = sourcecode.cpp.cpp; path = Bitmap.cpp; sourceTree = "<group>"; };
		E6C75B102820F67A00B7F125 /* Bitmap.hpp */ = {isa = PBXFileReference; lastKnownFileType = sourcecode.cpp.h; path = Bitmap.hpp; sourceTree = "<group>"; };
		E6C75B122828D9F200B7F125 /* Mandelbrot.cpp */ = {isa = PBXFileReference; lastKnownFileType = sourcecode.cpp.cpp; path = Mandelbrot.cpp; sourceTree = "<group>"; };
		E6C75B132828D9F200B7F125 /* Mandelbrot.hpp */ = {isa = PBXFileReference; lastKnownFileType = sourcecode.cpp.h; path = Mandelbrot.hpp; sourceTree = "<group>"; };
		E6C75B16282C7C5900B7F125 /* Zoom.h */ = {isa = PBXFileReference; lastKnownFileType = sourcecode.c.h; path = Zoom.h; sourceTree = "<group>"; };
		E6C75B18282C825E00B7F125 /* ZoomList.cpp */ = {isa = PBXFileReference; lastKnownFileType = sourcecode.cpp.cpp; path = ZoomList.cpp; sourceTree = "<group>"; };
		E6C75B19282C825E00B7F125 /* ZoomList.h */ = {isa = PBXFileReference; lastKnownFileType = sourcecode.c.h; path = ZoomList.h; sourceTree = "<group>"; };
		E6C75B1B282D808C00B7F125 /* FractalCreator.cpp */ = {isa = PBXFileReference; lastKnownFileType = sourcecode.cpp.cpp; path = FractalCreator.cpp; sourceTree = "<group>"; };
		E6C75B1C282D808C00B7F125 /* FractalCreator.h */ = {isa = PBXFileReference; lastKnownFileType = sourcecode.c.h; path = FractalCreator.h; sourceTree = "<group>"; };
		E6C75B1E282D91AE00B7F125 /* RGB.cpp */ = {isa = PBXFileReference; lastKnownFileType = sourcecode.cpp.cpp; path = RGB.cpp; sourceTree = "<group>"; };
		E6C75B1F282D91AE00B7F125 /* RGB.h */ = {isa = PBXFileReference; lastKnownFileType = sourcecode.c.h; path = RGB.h; sourceTree = "<group>"; };
/* End PBXFileReference section */

/* Begin PBXFrameworksBuildPhase section */
		E6438E04280E8581003C1320 /* Frameworks */ = {
			isa = PBXFrameworksBuildPhase;
			buildActionMask = 2147483647;
			files = (
			);
			runOnlyForDeploymentPostprocessing = 0;
		};
/* End PBXFrameworksBuildPhase section */

/* Begin PBXGroup section */
		E6438DFE280E8581003C1320 = {
			isa = PBXGroup;
			children = (
				E6438E09280E8581003C1320 /* Fractals */,
				E6438E08280E8581003C1320 /* Products */,
			);
			sourceTree = "<group>";
		};
		E6438E08280E8581003C1320 /* Products */ = {
			isa = PBXGroup;
			children = (
				E6438E07280E8581003C1320 /* Fractals */,
			);
			name = Products;
			sourceTree = "<group>";
		};
		E6438E09280E8581003C1320 /* Fractals */ = {
			isa = PBXGroup;
			children = (
				E6438E0A280E8581003C1320 /* main.cpp */,
				E6C75B0D281E4A6300B7F125 /* BitmapFileHeader.h */,
				E6C75B0E281E514500B7F125 /* BitmapInfoHeader.h */,
				E6C75B0F2820F67A00B7F125 /* Bitmap.cpp */,
				E6C75B102820F67A00B7F125 /* Bitmap.hpp */,
				E6C75B122828D9F200B7F125 /* Mandelbrot.cpp */,
				E6C75B132828D9F200B7F125 /* Mandelbrot.hpp */,
				E6C75B16282C7C5900B7F125 /* Zoom.h */,
				E6C75B18282C825E00B7F125 /* ZoomList.cpp */,
				E6C75B19282C825E00B7F125 /* ZoomList.h */,
				E6C75B1B282D808C00B7F125 /* FractalCreator.cpp */,
				E6C75B1C282D808C00B7F125 /* FractalCreator.h */,
				E6C75B1E282D91AE00B7F125 /* RGB.cpp */,
				E6C75B1F282D91AE00B7F125 /* RGB.h */,
			);
			path = Fractals;
			sourceTree = "<group>";
		};
/* End PBXGroup section */

/* Begin PBXNativeTarget section */
		E6438E06280E8581003C1320 /* Fractals */ = {
			isa = PBXNativeTarget;
			buildConfigurationList = E6438E0E280E8581003C1320 /* Build configuration list for PBXNativeTarget "Fractals" */;
			buildPhases = (
				E6438E03280E8581003C1320 /* Sources */,
				E6438E04280E8581003C1320 /* Frameworks */,
				E6438E05280E8581003C1320 /* CopyFiles */,
			);
			buildRules = (
			);
			dependencies = (
			);
			name = Fractals;
			productName = Fractals;
			productReference = E6438E07280E8581003C1320 /* Fractals */;
			productType = "com.apple.product-type.tool";
		};
/* End PBXNativeTarget section */

/* Begin PBXProject section */
		E6438DFF280E8581003C1320 /* Project object */ = {
			isa = PBXProject;
			attributes = {
				BuildIndependentTargetsInParallel = 1;
				LastUpgradeCheck = 1320;
				TargetAttributes = {
					E6438E06280E8581003C1320 = {
						CreatedOnToolsVersion = 13.2.1;
					};
				};
			};
			buildConfigurationList = E6438E02280E8581003C1320 /* Build configuration list for PBXProject "Fractals" */;
			compatibilityVersion = "Xcode 13.0";
			developmentRegion = en;
			hasScannedForEncodings = 0;
			knownRegions = (
				en,
				Base,
			);
			mainGroup = E6438DFE280E8581003C1320;
			productRefGroup = E6438E08280E8581003C1320 /* Products */;
			projectDirPath = "";
			projectRoot = "";
			targets = (
				E6438E06280E8581003C1320 /* Fractals */,
			);
		};
/* End PBXProject section */

/* Begin PBXSourcesBuildPhase section */
		E6438E03280E8581003C1320 /* Sources */ = {
			isa = PBXSourcesBuildPhase;
			buildActionMask = 2147483647;
			files = (
				E6C75B1D282D808C00B7F125 /* FractalCreator.cpp in Sources */,
				E6C75B142828D9F200B7F125 /* Mandelbrot.cpp in Sources */,
				E6C75B112820F67B00B7F125 /* Bitmap.cpp in Sources */,
				E6C75B20282D91AE00B7F125 /* RGB.cpp in Sources */,
				E6C75B1A282C825E00B7F125 /* ZoomList.cpp in Sources */,
				E6438E0B280E8581003C1320 /* main.cpp in Sources */,
			);
			runOnlyForDeploymentPostprocessing = 0;
		};
/* End PBXSourcesBuildPhase section */

/* Begin XCBuildConfiguration section */
		E6438E0C280E8581003C1320 /* Debug */ = {
			isa = XCBuildConfiguration;
			buildSettings = {
				ALWAYS_SEARCH_USER_PATHS = NO;
				CLANG_ANALYZER_NONNULL = YES;
				CLANG_ANALYZER_NUMBER_OBJECT_CONVERSION = YES_AGGRESSIVE;
				CLANG_CXX_LANGUAGE_STANDARD = "gnu++17";
				CLANG_CXX_LIBRARY = "libc++";
				CLANG_ENABLE_MODULES = YES;
				CLANG_ENABLE_OBJC_ARC = YES;
				CLANG_ENABLE_OBJC_WEAK = YES;
				CLANG_WARN_BLOCK_CAPTURE_AUTORELEASING = YES;
				CLANG_WARN_BOOL_CONVERSION = YES;
				CLANG_WARN_COMMA = YES;
				CLANG_WARN_CONSTANT_CONVERSION = YES;
				CLANG_WARN_DEPRECATED_OBJC_IMPLEMENTATIONS = YES;
				CLANG_WARN_DIRECT_OBJC_ISA_USAGE = YES_ERROR;
				CLANG_WARN_DOCUMENTATION_COMMENTS = YES;
				CLANG_WARN_EMPTY_BODY = YES;
				CLANG_WARN_ENUM_CONVERSION = YES;
				CLANG_WARN_INFINITE_RECURSION = YES;
				CLANG_WARN_INT_CONVERSION = YES;
				CLANG_WARN_NON_LITERAL_NULL_CONVERSION = YES;
				CLANG_WARN_OBJC_IMPLICIT_RETAIN_SELF = YES;
				CLANG_WARN_OBJC_LITERAL_CONVERSION = YES;
				CLANG_WARN_OBJC_ROOT_CLASS = YES_ERROR;
				CLANG_WARN_QUOTED_INCLUDE_IN_FRAMEWORK_HEADER = YES;
				CLANG_WARN_RANGE_LOOP_ANALYSIS = YES;
				CLANG_WARN_STRICT_PROTOTYPES = YES;
				CLANG_WARN_SUSPICIOUS_MOVE = YES;
				CLANG_WARN_UNGUARDED_AVAILABILITY = YES_AGGRESSIVE;
				CLANG_WARN_UNREACHABLE_CODE = YES;
				CLANG_WARN__DUPLICATE_METHOD_MATCH = YES;
				COPY_PHASE_STRIP = NO;
				DEBUG_INFORMATION_FORMAT = dwarf;
				ENABLE_STRICT_OBJC_MSGSEND = YES;
				ENABLE_TESTABILITY = YES;
				GCC_C_LANGUAGE_STANDARD = gnu11;
				GCC_DYNAMIC_NO_PIC = NO;
				GCC_NO_COMMON_BLOCKS = YES;
				GCC_OPTIMIZATION_LEVEL = 0;
				GCC_PREPROCESSOR_DEFINITIONS = (
					"DEBUG=1",
					"$(inherited)",
				);
				GCC_WARN_64_TO_32_BIT_CONVERSION = YES;
				GCC_WARN_ABOUT_RETURN_TYPE = YES_ERROR;
				GCC_WARN_UNDECLARED_SELECTOR = YES;
				GCC_WARN_UNINITIALIZED_AUTOS = YES_AGGRESSIVE;
				GCC_WARN_UNUSED_FUNCTION = YES;
				GCC_WARN_UNUSED_VARIABLE = YES;
				MACOSX_DEPLOYMENT_TARGET = 12.0;
				MTL_ENABLE_DEBUG_INFO = INCLUDE_SOURCE;
				MTL_FAST_MATH = YES;
				ONLY_ACTIVE_ARCH = YES;
				SDKROOT = macosx;
			};
			name = Debug;
		};
		E6438E0D280E8581003C1320 /* Release */ = {
			isa = XCBuildConfiguration;
			buildSettings = {
				ALWAYS_SEARCH_USER_PATHS = NO;
				CLANG_ANALYZER_NONNULL = YES;
				CLANG_ANALYZER_NUMBER_OBJECT_CONVERSION = YES_AGGRESSIVE;
				CLANG_CXX_LANGUAGE_STANDARD = "gnu++17";
				CLANG_CXX_LIBRARY = "libc++";
				CLANG_ENABLE_MODULES = YES;
				CLANG_ENABLE_OBJC_ARC = YES;
				CLANG_ENABLE_OBJC_WEAK = YES;
				CLANG_WARN_BLOCK_CAPTURE_AUTORELEASING = YES;
				CLANG_WARN_BOOL_CONVERSION = YES;
				CLANG_WARN_COMMA = YES;
				CLANG_WARN_CONSTANT_CONVERSION = YES;
				CLANG_WARN_DEPRECATED_OBJC_IMPLEMENTATIONS = YES;
				CLANG_WARN_DIRECT_OBJC_ISA_USAGE = YES_ERROR;
				CLANG_WARN_DOCUMENTATION_COMMENTS = YES;
				CLANG_WARN_EMPTY_BODY = YES;
				CLANG_WARN_ENUM_CONVERSION = YES;
				CLANG_WARN_INFINITE_RECURSION = YES;
				CLANG_WARN_INT_CONVERSION = YES;
				CLANG_WARN_NON_LITERAL_NULL_CONVERSION = YES;
				CLANG_WARN_OBJC_IMPLICIT_RETAIN_SELF = YES;
				CLANG_WARN_OBJC_LITERAL_CONVERSION = YES;
				CLANG_WARN_OBJC_ROOT_CLASS = YES_ERROR;
				CLANG_WARN_QUOTED_INCLUDE_IN_FRAMEWORK_HEADER = YES;
				CLANG_WARN_RANGE_LOOP_ANALYSIS = YES;
				CLANG_WARN_STRICT_PROTOTYPES = YES;
				CLANG_WARN_SUSPICIOUS_MOVE = YES;
				CLANG_WARN_UNGUARDED_AVAILABILITY = YES_AGGRESSIVE;
				CLANG_WARN_UNREACHABLE_CODE = YES;
				CLANG_WARN__DUPLICATE_METHOD_MATCH = YES;
				COPY_PHASE_STRIP = NO;
				DEBUG_INFORMATION_FORMAT = "dwarf-with-dsym";
				ENABLE_NS_ASSERTIONS = NO;
				ENABLE_STRICT_OBJC_MSGSEND = YES;
				GCC_C_LANGUAGE_STANDARD = gnu11;
				GCC_NO_COMMON_BLOCKS = YES;
				GCC_WARN_64_TO_32_BIT_CONVERSION = YES;
				GCC_WARN_ABOUT_RETURN_TYPE = YES_ERROR;
				GCC_WARN_UNDECLARED_SELECTOR = YES;
				GCC_WARN_UNINITIALIZED_AUTOS = YES_AGGRESSIVE;
				GCC_WARN_UNUSED_FUNCTION = YES;
				GCC_WARN_UNUSED_VARIABLE = YES;
				MACOSX_DEPLOYMENT_TARGET = 12.0;
				MTL_ENABLE_DEBUG_INFO = NO;
				MTL_FAST_MATH = YES;
				SDKROOT = macosx;
			};
			name = Release;
		};
		E6438E0F280E8581003C1320 /* Debug */ = {
			isa = XCBuildConfiguration;
			buildSettings = {
				CODE_SIGN_STYLE = Automatic;
				GCC_NO_COMMON_BLOCKS = NO;
				PRODUCT_NAME = "$(TARGET_NAME)";
			};
			name = Debug;
		};
		E6438E10280E8581003C1320 /* Release */ = {
			isa = XCBuildConfiguration;
			buildSettings = {
				CODE_SIGN_STYLE = Automatic;
				GCC_NO_COMMON_BLOCKS = NO;
				PRODUCT_NAME = "$(TARGET_NAME)";
			};
			name = Release;
		};
/* End XCBuildConfiguration section */

/* Begin XCConfigurationList section */
		E6438E02280E8581003C1320 /* Build configuration list for PBXProject "Fractals" */ = {
			isa = XCConfigurationList;
			buildConfigurations = (
				E6438E0C280E8581003C1320 /* Debug */,
				E6438E0D280E8581003C1320 /* Release */,
			);
			defaultConfigurationIsVisible = 0;
			defaultConfigurationName = Release;
		};
		E6438E0E280E8581003C1320 /* Build configuration list for PBXNativeTarget "Fractals" */ = {
			isa = XCConfigurationList;
			buildConfigurations = (
				E6438E0F280E8581003C1320 /* Debug */,
				E6438E10280E8581003C1320 /* Release */,
			);
			defaultConfigurationIsVisible = 0;
			defaultConfigurationName = Release;
		};
/* End XCConfigurationList section */
	};
	rootObject = E6438DFF280E8581003C1320 /* Project object */;
}
